// !$*UTF8*$!
{
	archiveVersion = 1;
	classes = {
	};
	objectVersion = 46;
	objects = {

/* Begin PBXBuildFile section */
		CAE05AB71D40E749002EF75C /* AppDelegate.swift in Sources */ = {isa = PBXBuildFile; fileRef = CAE05AB61D40E749002EF75C /* AppDelegate.swift */; };
		CAE05AB91D40E749002EF75C /* ViewController.swift in Sources */ = {isa = PBXBuildFile; fileRef = CAE05AB81D40E749002EF75C /* ViewController.swift */; };
		CAE05ABC1D40E749002EF75C /* Main.storyboard in Resources */ = {isa = PBXBuildFile; fileRef = CAE05ABA1D40E749002EF75C /* Main.storyboard */; };
		CAE05ABE1D40E749002EF75C /* Assets.xcassets in Resources */ = {isa = PBXBuildFile; fileRef = CAE05ABD1D40E749002EF75C /* Assets.xcassets */; };
		CAE05AC11D40E749002EF75C /* LaunchScreen.storyboard in Resources */ = {isa = PBXBuildFile; fileRef = CAE05ABF1D40E749002EF75C /* LaunchScreen.storyboard */; };
/* End PBXBuildFile section */

/* Begin PBXFileReference section */
		CAE05AB31D40E749002EF75C /* UITableViewDemoSwift.app */ = {isa = PBXFileReference; explicitFileType = wrapper.application; includeInIndex = 0; path = UITableViewDemoSwift.app; sourceTree = BUILT_PRODUCTS_DIR; };
		CAE05AB61D40E749002EF75C /* AppDelegate.swift */ = {isa = PBXFileReference; lastKnownFileType = sourcecode.swift; path = AppDelegate.swift; sourceTree = "<group>"; };
		CAE05AB81D40E749002EF75C /* ViewController.swift */ = {isa = PBXFileReference; lastKnownFileType = sourcecode.swift; path = ViewController.swift; sourceTree = "<group>"; };
		CAE05ABB1D40E749002EF75C /* Base */ = {isa = PBXFileReference; lastKnownFileType = file.storyboard; name = Base; path = Base.lproj/Main.storyboard; sourceTree = "<group>"; };
		CAE05ABD1D40E749002EF75C /* Assets.xcassets */ = {isa = PBXFileReference; lastKnownFileType = folder.assetcatalog; path = Assets.xcassets; sourceTree = "<group>"; };
		CAE05AC01D40E749002EF75C /* Base */ = {isa = PBXFileReference; lastKnownFileType = file.storyboard; name = Base; path = Base.lproj/LaunchScreen.storyboard; sourceTree = "<group>"; };
		CAE05AC21D40E749002EF75C /* Info.plist */ = {isa = PBXFileReference; lastKnownFileType = text.plist.xml; path = Info.plist; sourceTree = "<group>"; };
/* End PBXFileReference section */

/* Begin PBXFrameworksBuildPhase section */
		CAE05AB01D40E749002EF75C /* Frameworks */ = {
			isa = PBXFrameworksBuildPhase;
			buildActionMask = 2147483647;
			files = (
			);
			runOnlyForDeploymentPostprocessing = 0;
		};
/* End PBXFrameworksBuildPhase section */

/* Begin PBXGroup section */
		CAE05AAA1D40E749002EF75C = {
			isa = PBXGroup;
			children = (
				CAE05AB51D40E749002EF75C /* UITableViewDemoSwift */,
				CAE05AB41D40E749002EF75C /* Products */,
			);
			sourceTree = "<group>";
		};
		CAE05AB41D40E749002EF75C /* Products */ = {
			isa = PBXGroup;
			children = (
				CAE05AB31D40E749002EF75C /* UITableViewDemoSwift.app */,
			);
			name = Products;
			sourceTree = "<group>";
		};
		CAE05AB51D40E749002EF75C /* UITableViewDemoSwift */ = {
			isa = PBXGroup;
			children = (
				CAE05AB61D40E749002EF75C /* AppDelegate.swift */,
				CAE05AB81D40E749002EF75C /* ViewController.swift */,
				CAE05ABA1D40E749002EF75C /* Main.storyboard */,
				CAE05ABD1D40E749002EF75C /* Assets.xcassets */,
				CAE05ABF1D40E749002EF75C /* LaunchScreen.storyboard */,
				CAE05AC21D40E749002EF75C /* Info.plist */,
			);
			path = UITableViewDemoSwift;
			sourceTree = "<group>";
		};
/* End PBXGroup section */

/* Begin PBXNativeTarget section */
		CAE05AB21D40E749002EF75C /* UITableViewDemoSwift */ = {
			isa = PBXNativeTarget;
			buildConfigurationList = CAE05AC51D40E749002EF75C /* Build configuration list for PBXNativeTarget "UITableViewDemoSwift" */;
			buildPhases = (
				CAE05AAF1D40E749002EF75C /* Sources */,
				CAE05AB01D40E749002EF75C /* Frameworks */,
				CAE05AB11D40E749002EF75C /* Resources */,
			);
			buildRules = (
			);
			dependencies = (
			);
			name = UITableViewDemoSwift;
			productName = UITableViewDemoSwift;
			productReference = CAE05AB31D40E749002EF75C /* UITableViewDemoSwift.app */;
			productType = "com.apple.product-type.application";
		};
/* End PBXNativeTarget section */

/* Begin PBXProject section */
		CAE05AAB1D40E749002EF75C /* Project object */ = {
			isa = PBXProject;
			attributes = {
				LastSwiftUpdateCheck = 0730;
				LastUpgradeCheck = 0730;
				ORGANIZATIONNAME = iHart;
				TargetAttributes = {
					CAE05AB21D40E749002EF75C = {
						CreatedOnToolsVersion = 7.3.1;
					};
				};
			};
			buildConfigurationList = CAE05AAE1D40E749002EF75C /* Build configuration list for PBXProject "UITableViewDemoSwift" */;
			compatibilityVersion = "Xcode 3.2";
			developmentRegion = English;
			hasScannedForEncodings = 0;
			knownRegions = (
				en,
				Base,
			);
			mainGroup = CAE05AAA1D40E749002EF75C;
			productRefGroup = CAE05AB41D40E749002EF75C /* Products */;
			projectDirPath = "";
			projectRoot = "";
			targets = (
				CAE05AB21D40E749002EF75C /* UITableViewDemoSwift */,
			);
		};
/* End PBXProject section */

/* Begin PBXResourcesBuildPhase section */
		CAE05AB11D40E749002EF75C /* Resources */ = {
			isa = PBXResourcesBuildPhase;
			buildActionMask = 2147483647;
			files = (
				CAE05AC11D40E749002EF75C /* LaunchScreen.storyboard in Resources */,
				CAE05ABE1D40E749002EF75C /* Assets.xcassets in Resources */,
				CAE05ABC1D40E749002EF75C /* Main.storyboard in Resources */,
			);
			runOnlyForDeploymentPostprocessing = 0;
		};
/* End PBXResourcesBuildPhase section */

/* Begin PBXSourcesBuildPhase section */
		CAE05AAF1D40E749002EF75C /* Sources */ = {
			isa = PBXSourcesBuildPhase;
			buildActionMask = 2147483647;
			files = (
				CAE05AB91D40E749002EF75C /* ViewController.swift in Sources */,
				CAE05AB71D40E749002EF75C /* AppDelegate.swift in Sources */,
			);
			runOnlyForDeploymentPostprocessing = 0;
		};
/* End PBXSourcesBuildPhase section */

/* Begin PBXVariantGroup section */
		CAE05ABA1D40E749002EF75C /* Main.storyboard */ = {
			isa = PBXVariantGroup;
			children = (
				CAE05ABB1D40E749002EF75C /* Base */,
			);
			name = Main.storyboard;
			sourceTree = "<group>";
		};
		CAE05ABF1D40E749002EF75C /* LaunchScreen.storyboard */ = {
			isa = PBXVariantGroup;
			children = (
				CAE05AC01D40E749002EF75C /* Base */,
			);
			name = LaunchScreen.storyboard;
			sourceTree = "<group>";
		};
/* End PBXVariantGroup section */

/* Begin XCBuildConfiguration section */
		CAE05AC31D40E749002EF75C /* Debug */ = {
			isa = XCBuildConfiguration;
			buildSettings = {
				ALWAYS_SEARCH_USER_PATHS = NO;
				CLANG_ANALYZER_NONNULL = YES;
				CLANG_CXX_LANGUAGE_STANDARD = "gnu++0x";
				CLANG_CXX_LIBRARY = "libc++";
				CLANG_ENABLE_MODULES = YES;
				CLANG_ENABLE_OBJC_ARC = YES;
				CLANG_WARN_BOOL_CONVERSION = YES;
				CLANG_WARN_CONSTANT_CONVERSION = YES;
				CLANG_WARN_DIRECT_OBJC_ISA_USAGE = YES_ERROR;
				CLANG_WARN_EMPTY_BODY = YES;
				CLANG_WARN_ENUM_CONVERSION = YES;
				CLANG_WARN_INT_CONVERSION = YES;
				CLANG_WARN_OBJC_ROOT_CLASS = YES_ERROR;
				CLANG_WARN_UNREACHABLE_CODE = YES;
				CLANG_WARN__DUPLICATE_METHOD_MATCH = YES;
				"CODE_SIGN_IDENTITY[sdk=iphoneos*]" = "iPhone Developer";
				COPY_PHASE_STRIP = NO;
				DEBUG_INFORMATION_FORMAT = dwarf;
				ENABLE_STRICT_OBJC_MSGSEND = YES;
				ENABLE_TESTABILITY = YES;
				GCC_C_LANGUAGE_STANDARD = gnu99;
				GCC_DYNAMIC_NO_PIC = NO;
				GCC_NO_COMMON_BLOCKS = YES;
				GCC_OPTIMIZATION_LEVEL = 0;
				GCC_PREPROCESSOR_DEFINITIONS = (
					"DEBUG=1",
					"$(inherited)",
				);
				GCC_WARN_64_TO_32_BIT_CONVERSION = YES;
				GCC_WARN_ABOUT_RETURN_TYPE = YES_ERROR;
				GCC_WARN_UNDECLARED_SELECTOR = YES;
				GCC_WARN_UNINITIALIZED_AUTOS = YES_AGGRESSIVE;
				GCC_WARN_UNUSED_FUNCTION = YES;
				GCC_WARN_UNUSED_VARIABLE = YES;
				IPHONEOS_DEPLOYMENT_TARGET = 9.3;
				MTL_ENABLE_DEBUG_INFO = YES;
				ONLY_ACTIVE_ARCH = YES;
				SDKROOT = iphoneos;
				SWIFT_OPTIMIZATION_LEVEL = "-Onone";
				TARGETED_DEVICE_FAMILY = "1,2";
			};
			name = Debug;
		};
		CAE05AC41D40E749002EF75C /* Release */ = {
			isa = XCBuildConfiguration;
			buildSettings = {
				ALWAYS_SEARCH_USER_PATHS = NO;
				CLANG_ANALYZER_NONNULL = YES;
				CLANG_CXX_LANGUAGE_STANDARD = "gnu++0x";
				CLANG_CXX_LIBRARY = "libc++";
				CLANG_ENABLE_MODULES = YES;
				CLANG_ENABLE_OBJC_ARC = YES;
				CLANG_WARN_BOOL_CONVERSION = YES;
				CLANG_WARN_CONSTANT_CONVERSION = YES;
				CLANG_WARN_DIRECT_OBJC_ISA_USAGE = YES_ERROR;
				CLANG_WARN_EMPTY_BODY = YES;
				CLANG_WARN_ENUM_CONVERSION = YES;
				CLANG_WARN_INT_CONVERSION = YES;
				CLANG_WARN_OBJC_ROOT_CLASS = YES_ERROR;
				CLANG_WARN_UNREACHABLE_CODE = YES;
				CLANG_WARN__DUPLICATE_METHOD_MATCH = YES;
				"CODE_SIGN_IDENTITY[sdk=iphoneos*]" = "iPhone Developer";
				COPY_PHASE_STRIP = NO;
				DEBUG_INFORMATION_FORMAT = "dwarf-with-dsym";
				ENABLE_NS_ASSERTIONS = NO;
				ENABLE_STRICT_OBJC_MSGSEND = YES;
				GCC_C_LANGUAGE_STANDARD = gnu99;
				GCC_NO_COMMON_BLOCKS = YES;
				GCC_WARN_64_TO_32_BIT_CONVERSION = YES;
				GCC_WARN_ABOUT_RETURN_TYPE = YES_ERROR;
				GCC_WARN_UNDECLARED_SELECTOR = YES;
				GCC_WARN_UNINITIALIZED_AUTOS = YES_AGGRESSIVE;
				GCC_WARN_UNUSED_FUNCTION = YES;
				GCC_WARN_UNUSED_VARIABLE = YES;
				IPHONEOS_DEPLOYMENT_TARGET = 9.3;
				MTL_ENABLE_DEBUG_INFO = NO;
				SDKROOT = iphoneos;
				TARGETED_DEVICE_FAMILY = "1,2";
				VALIDATE_PRODUCT = YES;
			};
			name = Release;
		};
		CAE05AC61D40E749002EF75C /* Debug */ = {
			isa = XCBuildConfiguration;
			buildSettings = {
				ASSETCATALOG_COMPILER_APPICON_NAME = AppIcon;
				INFOPLIST_FILE = UITableViewDemoSwift/Info.plist;
				LD_RUNPATH_SEARCH_PATHS = "$(inherited) @executable_path/Frameworks";
				PRODUCT_BUNDLE_IDENTIFIER = com.iHart.UITableViewDemoSwift;
				PRODUCT_NAME = "$(TARGET_NAME)";
			};
			name = Debug;
		};
		CAE05AC71D40E749002EF75C /* Release */ = {
			isa = XCBuildConfiguration;
			buildSettings = {
				ASSETCATALOG_COMPILER_APPICON_NAME = AppIcon;
				INFOPLIST_FILE = UITableViewDemoSwift/Info.plist;
				LD_RUNPATH_SEARCH_PATHS = "$(inherited) @executable_path/Frameworks";
				PRODUCT_BUNDLE_IDENTIFIER = com.iHart.UITableViewDemoSwift;
				PRODUCT_NAME = "$(TARGET_NAME)";
			};
			name = Release;
		};
/* End XCBuildConfiguration section */

/* Begin XCConfigurationList section */
		CAE05AAE1D40E749002EF75C /* Build configuration list for PBXProject "UITableViewDemoSwift" */ = {
			isa = XCConfigurationList;
			buildConfigurations = (
				CAE05AC31D40E749002EF75C /* Debug */,
				CAE05AC41D40E749002EF75C /* Release */,
			);
			defaultConfigurationIsVisible = 0;
			defaultConfigurationName = Release;
		};
		CAE05AC51D40E749002EF75C /* Build configuration list for PBXNativeTarget "UITableViewDemoSwift" */ = {
			isa = XCConfigurationList;
			buildConfigurations = (
				CAE05AC61D40E749002EF75C /* Debug */,
				CAE05AC71D40E749002EF75C /* Release */,
			);
			defaultConfigurationIsVisible = 0;
		};
/* End XCConfigurationList section */
	};
	rootObject = CAE05AAB1D40E749002EF75C /* Project object */;
}
